
Microsoft Visual Studio Solution File, Format Version 12.00
# Visual Studio Version 16
VisualStudioVersion = 16.0.28803.156
MinimumVisualStudioVersion = 10.0.40219.1
Project("{FAE04EC0-301F-11D3-BF4B-00C04F79EFBC}") = "GeometryPainting", "GeometryPainting.csproj", "{A62E8811-66C0-4CCA-A140-1DA3FC70F7FA}"
EndProject
Global
	GlobalSection(SolutionConfigurationPlatforms) = preSolution
		Debug|Any CPU = Debug|Any CPU
		Release|Any CPU = Release|Any CPU
	EndGlobalSection
	GlobalSection(ProjectConfigurationPlatforms) = postSolution
		{A62E8811-66C0-4CCA-A140-1DA3FC70F7FA}.Debug|Any CPU.ActiveCfg = Debug|Any CPU
		{A62E8811-66C0-4CCA-A140-1DA3FC70F7FA}.Debug|Any CPU.Build.0 = Debug|Any CPU
		{A62E8811-66C0-4CCA-A140-1DA3FC70F7FA}.Release|Any CPU.ActiveCfg = Release|Any CPU
		{A62E8811-66C0-4CCA-A140-1DA3FC70F7FA}.Release|Any CPU.Build.0 = Release|Any CPU
	EndGlobalSection
	GlobalSection(SolutionProperties) = preSolution
		HideSolutionNode = FALSE
	EndGlobalSection
	GlobalSection(ExtensibilityGlobals) = postSolution
		SolutionGuid = {DF8B55A8-5057-40F8-A878-482BE66A84C4}
	EndGlobalSection
EndGlobal
